
Microsoft Visual Studio Solution File, Format Version 12.00
# Visual Studio Version 17
VisualStudioVersion = 17.3.32804.467
MinimumVisualStudioVersion = 10.0.40219.1
Project("{FAE04EC0-301F-11D3-BF4B-00C04F79EFBC}") = "Prog2Parcial1", "Prog2Parcial1\Prog2Parcial1.csproj", "{57B57A51-8190-4253-BB9B-F2C005C8CAE4}"
EndProject
Global
	GlobalSection(SolutionConfigurationPlatforms) = preSolution
		Debug|Any CPU = Debug|Any CPU
		Release|Any CPU = Release|Any CPU
	EndGlobalSection
	GlobalSection(ProjectConfigurationPlatforms) = postSolution
		{57B57A51-8190-4253-BB9B-F2C005C8CAE4}.Debug|Any CPU.ActiveCfg = Debug|Any CPU
		{57B57A51-8190-4253-BB9B-F2C005C8CAE4}.Debug|Any CPU.Build.0 = Debug|Any CPU
		{57B57A51-8190-4253-BB9B-F2C005C8CAE4}.Release|Any CPU.ActiveCfg = Release|Any CPU
		{57B57A51-8190-4253-BB9B-F2C005C8CAE4}.Release|Any CPU.Build.0 = Release|Any CPU
	EndGlobalSection
	GlobalSection(SolutionProperties) = preSolution
		HideSolutionNode = FALSE
	EndGlobalSection
	GlobalSection(ExtensibilityGlobals) = postSolution
		SolutionGuid = {8CB1DF5F-7A0D-436F-8F21-54CE8B0C9563}
	EndGlobalSection
EndGlobal
