
Microsoft Visual Studio Solution File, Format Version 12.00
# Visual Studio Version 17
VisualStudioVersion = 17.1.32407.343
MinimumVisualStudioVersion = 10.0.40219.1
Project("{FAE04EC0-301F-11D3-BF4B-00C04F79EFBC}") = "Guia 4 Consigna 25", "Guia 4 Consigna 25.csproj", "{8CC4E4C8-6491-4F89-9E15-6BAD4A3AECF5}"
EndProject
Global
	GlobalSection(SolutionConfigurationPlatforms) = preSolution
		Debug|Any CPU = Debug|Any CPU
		Release|Any CPU = Release|Any CPU
	EndGlobalSection
	GlobalSection(ProjectConfigurationPlatforms) = postSolution
		{8CC4E4C8-6491-4F89-9E15-6BAD4A3AECF5}.Debug|Any CPU.ActiveCfg = Debug|Any CPU
		{8CC4E4C8-6491-4F89-9E15-6BAD4A3AECF5}.Debug|Any CPU.Build.0 = Debug|Any CPU
		{8CC4E4C8-6491-4F89-9E15-6BAD4A3AECF5}.Release|Any CPU.ActiveCfg = Release|Any CPU
		{8CC4E4C8-6491-4F89-9E15-6BAD4A3AECF5}.Release|Any CPU.Build.0 = Release|Any CPU
	EndGlobalSection
	GlobalSection(SolutionProperties) = preSolution
		HideSolutionNode = FALSE
	EndGlobalSection
	GlobalSection(ExtensibilityGlobals) = postSolution
		SolutionGuid = {85221C5D-CCAC-4135-A55D-CA8D4211239D}
	EndGlobalSection
EndGlobal
