
Microsoft Visual Studio Solution File, Format Version 11.00
# Visual C# Express 2010
Project("{FAE04EC0-301F-11D3-BF4B-00C04F79EFBC}") = "ejercicio2", "ejercicio2\ejercicio2.csproj", "{B505A52F-FDB5-4132-AEF4-303C954344B3}"
EndProject
Global
	GlobalSection(SolutionConfigurationPlatforms) = preSolution
		Debug|Any CPU = Debug|Any CPU
		Release|Any CPU = Release|Any CPU
	EndGlobalSection
	GlobalSection(ProjectConfigurationPlatforms) = postSolution
		{B505A52F-FDB5-4132-AEF4-303C954344B3}.Debug|Any CPU.ActiveCfg = Debug|Any CPU
		{B505A52F-FDB5-4132-AEF4-303C954344B3}.Debug|Any CPU.Build.0 = Debug|Any CPU
		{B505A52F-FDB5-4132-AEF4-303C954344B3}.Release|Any CPU.ActiveCfg = Release|Any CPU
		{B505A52F-FDB5-4132-AEF4-303C954344B3}.Release|Any CPU.Build.0 = Release|Any CPU
	EndGlobalSection
	GlobalSection(SolutionProperties) = preSolution
		HideSolutionNode = FALSE
	EndGlobalSection
EndGlobal
