
Microsoft Visual Studio Solution File, Format Version 12.00
# Visual Studio Version 17
VisualStudioVersion = 17.2.32630.192
MinimumVisualStudioVersion = 10.0.40219.1
Project("{FAE04EC0-301F-11D3-BF4B-00C04F79EFBC}") = "DCCBookCh3Ex2", "DCCBookCh3Ex2\DCCBookCh3Ex2.csproj", "{127E08B7-CF5A-48E8-B670-67FF618B1F8B}"
EndProject
Global
	GlobalSection(SolutionConfigurationPlatforms) = preSolution
		Debug|Any CPU = Debug|Any CPU
		Release|Any CPU = Release|Any CPU
	EndGlobalSection
	GlobalSection(ProjectConfigurationPlatforms) = postSolution
		{127E08B7-CF5A-48E8-B670-67FF618B1F8B}.Debug|Any CPU.ActiveCfg = Debug|Any CPU
		{127E08B7-CF5A-48E8-B670-67FF618B1F8B}.Debug|Any CPU.Build.0 = Debug|Any CPU
		{127E08B7-CF5A-48E8-B670-67FF618B1F8B}.Release|Any CPU.ActiveCfg = Release|Any CPU
		{127E08B7-CF5A-48E8-B670-67FF618B1F8B}.Release|Any CPU.Build.0 = Release|Any CPU
	EndGlobalSection
	GlobalSection(SolutionProperties) = preSolution
		HideSolutionNode = FALSE
	EndGlobalSection
	GlobalSection(ExtensibilityGlobals) = postSolution
		SolutionGuid = {CD4F1A2C-3E5E-492E-A196-744463AEFCE5}
	EndGlobalSection
EndGlobal
