
Microsoft Visual Studio Solution File, Format Version 12.00
# Visual Studio Version 17
VisualStudioVersion = 17.2.32630.192
MinimumVisualStudioVersion = 10.0.40219.1
Project("{FAE04EC0-301F-11D3-BF4B-00C04F79EFBC}") = "Lab2Guia1Ej1", "Lab2Guia1Ej1\Lab2Guia1Ej1.csproj", "{6B2EECBA-03C1-44A3-876F-D28D15F6AFEC}"
EndProject
Global
	GlobalSection(SolutionConfigurationPlatforms) = preSolution
		Debug|Any CPU = Debug|Any CPU
		Release|Any CPU = Release|Any CPU
	EndGlobalSection
	GlobalSection(ProjectConfigurationPlatforms) = postSolution
		{6B2EECBA-03C1-44A3-876F-D28D15F6AFEC}.Debug|Any CPU.ActiveCfg = Debug|Any CPU
		{6B2EECBA-03C1-44A3-876F-D28D15F6AFEC}.Debug|Any CPU.Build.0 = Debug|Any CPU
		{6B2EECBA-03C1-44A3-876F-D28D15F6AFEC}.Release|Any CPU.ActiveCfg = Release|Any CPU
		{6B2EECBA-03C1-44A3-876F-D28D15F6AFEC}.Release|Any CPU.Build.0 = Release|Any CPU
	EndGlobalSection
	GlobalSection(SolutionProperties) = preSolution
		HideSolutionNode = FALSE
	EndGlobalSection
	GlobalSection(ExtensibilityGlobals) = postSolution
		SolutionGuid = {9C3EBD6E-6B56-4F1F-9C96-256FE4E49BCD}
	EndGlobalSection
EndGlobal
