
Microsoft Visual Studio Solution File, Format Version 12.00
# Visual Studio Version 17
VisualStudioVersion = 17.3.32804.467
MinimumVisualStudioVersion = 10.0.40219.1
Project("{FAE04EC0-301F-11D3-BF4B-00C04F79EFBC}") = "INTERFACEtutorial", "INTERFACEtutorial\INTERFACEtutorial.csproj", "{371CF2E8-2F1E-42E5-A126-7BECF000F4CD}"
EndProject
Global
	GlobalSection(SolutionConfigurationPlatforms) = preSolution
		Debug|Any CPU = Debug|Any CPU
		Release|Any CPU = Release|Any CPU
	EndGlobalSection
	GlobalSection(ProjectConfigurationPlatforms) = postSolution
		{371CF2E8-2F1E-42E5-A126-7BECF000F4CD}.Debug|Any CPU.ActiveCfg = Debug|Any CPU
		{371CF2E8-2F1E-42E5-A126-7BECF000F4CD}.Debug|Any CPU.Build.0 = Debug|Any CPU
		{371CF2E8-2F1E-42E5-A126-7BECF000F4CD}.Release|Any CPU.ActiveCfg = Release|Any CPU
		{371CF2E8-2F1E-42E5-A126-7BECF000F4CD}.Release|Any CPU.Build.0 = Release|Any CPU
	EndGlobalSection
	GlobalSection(SolutionProperties) = preSolution
		HideSolutionNode = FALSE
	EndGlobalSection
	GlobalSection(ExtensibilityGlobals) = postSolution
		SolutionGuid = {36BD4ECA-C201-4488-96D1-758A12B35DDE}
	EndGlobalSection
EndGlobal
