
Microsoft Visual Studio Solution File, Format Version 12.00
# Visual Studio Version 16
VisualStudioVersion = 16.0.32228.343
MinimumVisualStudioVersion = 10.0.40219.1
Project("{FAE04EC0-301F-11D3-BF4B-00C04F79EFBC}") = "matriz", "matriz.csproj", "{4C06F56F-D121-4F84-AC81-E965CAEC5AB2}"
EndProject
Global
	GlobalSection(SolutionConfigurationPlatforms) = preSolution
		Debug|Any CPU = Debug|Any CPU
		Release|Any CPU = Release|Any CPU
	EndGlobalSection
	GlobalSection(ProjectConfigurationPlatforms) = postSolution
		{4C06F56F-D121-4F84-AC81-E965CAEC5AB2}.Debug|Any CPU.ActiveCfg = Debug|Any CPU
		{4C06F56F-D121-4F84-AC81-E965CAEC5AB2}.Debug|Any CPU.Build.0 = Debug|Any CPU
		{4C06F56F-D121-4F84-AC81-E965CAEC5AB2}.Release|Any CPU.ActiveCfg = Release|Any CPU
		{4C06F56F-D121-4F84-AC81-E965CAEC5AB2}.Release|Any CPU.Build.0 = Release|Any CPU
	EndGlobalSection
	GlobalSection(SolutionProperties) = preSolution
		HideSolutionNode = FALSE
	EndGlobalSection
	GlobalSection(ExtensibilityGlobals) = postSolution
		SolutionGuid = {39C6FA61-A746-4E51-8D8C-41C032AE79CF}
	EndGlobalSection
EndGlobal
