
Microsoft Visual Studio Solution File, Format Version 12.00
# Visual Studio Version 17
VisualStudioVersion = 17.3.32804.467
MinimumVisualStudioVersion = 10.0.40219.1
Project("{FAE04EC0-301F-11D3-BF4B-00C04F79EFBC}") = "QUICKSORTRecursivo", "QUICKSORTRecursivo\QUICKSORTRecursivo.csproj", "{1ADEE799-8A4B-4AED-A48C-61B5EE244F22}"
EndProject
Global
	GlobalSection(SolutionConfigurationPlatforms) = preSolution
		Debug|Any CPU = Debug|Any CPU
		Release|Any CPU = Release|Any CPU
	EndGlobalSection
	GlobalSection(ProjectConfigurationPlatforms) = postSolution
		{1ADEE799-8A4B-4AED-A48C-61B5EE244F22}.Debug|Any CPU.ActiveCfg = Debug|Any CPU
		{1ADEE799-8A4B-4AED-A48C-61B5EE244F22}.Debug|Any CPU.Build.0 = Debug|Any CPU
		{1ADEE799-8A4B-4AED-A48C-61B5EE244F22}.Release|Any CPU.ActiveCfg = Release|Any CPU
		{1ADEE799-8A4B-4AED-A48C-61B5EE244F22}.Release|Any CPU.Build.0 = Release|Any CPU
	EndGlobalSection
	GlobalSection(SolutionProperties) = preSolution
		HideSolutionNode = FALSE
	EndGlobalSection
	GlobalSection(ExtensibilityGlobals) = postSolution
		SolutionGuid = {1EE30868-5F8F-4F29-B657-524A40E405F1}
	EndGlobalSection
EndGlobal
