
Microsoft Visual Studio Solution File, Format Version 12.00
# Visual Studio Version 16
VisualStudioVersion = 16.0.32428.217
MinimumVisualStudioVersion = 10.0.40219.1
Project("{FAE04EC0-301F-11D3-BF4B-00C04F79EFBC}") = "CursitoD'Elorto", "CursitoD'Elorto.csproj", "{0888C855-0462-43E6-A581-49A4EFDF0848}"
EndProject
Global
	GlobalSection(SolutionConfigurationPlatforms) = preSolution
		Debug|Any CPU = Debug|Any CPU
		Release|Any CPU = Release|Any CPU
	EndGlobalSection
	GlobalSection(ProjectConfigurationPlatforms) = postSolution
		{0888C855-0462-43E6-A581-49A4EFDF0848}.Debug|Any CPU.ActiveCfg = Debug|Any CPU
		{0888C855-0462-43E6-A581-49A4EFDF0848}.Debug|Any CPU.Build.0 = Debug|Any CPU
		{0888C855-0462-43E6-A581-49A4EFDF0848}.Release|Any CPU.ActiveCfg = Release|Any CPU
		{0888C855-0462-43E6-A581-49A4EFDF0848}.Release|Any CPU.Build.0 = Release|Any CPU
	EndGlobalSection
	GlobalSection(SolutionProperties) = preSolution
		HideSolutionNode = FALSE
	EndGlobalSection
	GlobalSection(ExtensibilityGlobals) = postSolution
		SolutionGuid = {C991D7AF-833C-4E30-BCEB-6DC6266CEC98}
	EndGlobalSection
EndGlobal
