
Microsoft Visual Studio Solution File, Format Version 12.00
# Visual Studio Version 16
VisualStudioVersion = 16.0.32428.217
MinimumVisualStudioVersion = 10.0.40219.1
Project("{9A19103F-16F7-4668-BE54-9A1E7A4F7556}") = "Guia8Ejercicio1", "Guia8Ejercicio1.csproj", "{2DB8F40A-6972-4D29-8108-D1505259DCAE}"
EndProject
Global
	GlobalSection(SolutionConfigurationPlatforms) = preSolution
		Debug|Any CPU = Debug|Any CPU
		Release|Any CPU = Release|Any CPU
	EndGlobalSection
	GlobalSection(ProjectConfigurationPlatforms) = postSolution
		{2DB8F40A-6972-4D29-8108-D1505259DCAE}.Debug|Any CPU.ActiveCfg = Debug|Any CPU
		{2DB8F40A-6972-4D29-8108-D1505259DCAE}.Debug|Any CPU.Build.0 = Debug|Any CPU
		{2DB8F40A-6972-4D29-8108-D1505259DCAE}.Release|Any CPU.ActiveCfg = Release|Any CPU
		{2DB8F40A-6972-4D29-8108-D1505259DCAE}.Release|Any CPU.Build.0 = Release|Any CPU
	EndGlobalSection
	GlobalSection(SolutionProperties) = preSolution
		HideSolutionNode = FALSE
	EndGlobalSection
	GlobalSection(ExtensibilityGlobals) = postSolution
		SolutionGuid = {47017FB4-761A-4BBD-B238-B240B731840C}
	EndGlobalSection
EndGlobal
